<?xml version="1.0" encoding="utf-8"?>
<Project ToolsVersion="17.0" xmlns="http://schemas.microsoft.com/developer/msbuild/2003">
  <ItemGroup>
    <ClCompile Include="D:\VisualStudio_Coding\EncryptedSearch\src\core\CryptoEngine.cpp">
      <Filter>Source Files</Filter>
    </ClCompile>
    <ClCompile Include="D:\VisualStudio_Coding\EncryptedSearch\src\core\hex.c">
      <Filter>Source Files</Filter>
    </ClCompile>
    <ClCompile Include="D:\VisualStudio_Coding\EncryptedSearch\src\core\sm3.c">
      <Filter>Source Files</Filter>
    </ClCompile>
    <ClCompile Include="D:\VisualStudio_Coding\EncryptedSearch\src\core\sm3_digest.c">
      <Filter>Source Files</Filter>
    </ClCompile>
    <ClCompile Include="D:\VisualStudio_Coding\EncryptedSearch\src\core\sm3_hmac.c">
      <Filter>Source Files</Filter>
    </ClCompile>
    <ClCompile Include="D:\VisualStudio_Coding\EncryptedSearch\src\core\sm3_pbkdf2.c">
      <Filter>Source Files</Filter>
    </ClCompile>
    <ClCompile Include="D:\VisualStudio_Coding\EncryptedSearch\src\core\sm4.c">
      <Filter>Source Files</Filter>
    </ClCompile>
    <ClCompile Include="D:\VisualStudio_Coding\EncryptedSearch\src\core\sm4_cbc.c">
      <Filter>Source Files</Filter>
    </ClCompile>
    <ClCompile Include="D:\VisualStudio_Coding\EncryptedSearch\src\index\Indexer.cpp">
      <Filter>Source Files</Filter>
    </ClCompile>
    <ClCompile Include="D:\VisualStudio_Coding\EncryptedSearch\src\index\ParallelHasher.cpp">
      <Filter>Source Files</Filter>
    </ClCompile>
    <ClCompile Include="D:\VisualStudio_Coding\EncryptedSearch\src\main.cpp">
      <Filter>Source Files</Filter>
    </ClCompile>
    <ClCompile Include="D:\VisualStudio_Coding\EncryptedSearch\src\search\QueryParser.cpp">
      <Filter>Source Files</Filter>
    </ClCompile>
    <ClCompile Include="D:\VisualStudio_Coding\EncryptedSearch\src\search\Searcher.cpp">
      <Filter>Source Files</Filter>
    </ClCompile>
  </ItemGroup>
  <ItemGroup>
    <CustomBuild Include="D:\VisualStudio_Coding\EncryptedSearch\CMakeLists.txt" />
  </ItemGroup>
  <ItemGroup>
    <Filter Include="Source Files">
      <UniqueIdentifier>{69535D7A-4EFE-39F6-B720-6B3FBE226C20}</UniqueIdentifier>
    </Filter>
  </ItemGroup>
</Project>
